
Microsoft Visual Studio Solution File, Format Version 12.00
# Visual Studio Version 16
VisualStudioVersion = 16.0.33927.289
MinimumVisualStudioVersion = 10.0.40219.1
Project("{2150E333-8FDC-42A3-9474-1A3956D46DE8}") = "Task0", "Task0", "{900F99F1-5921-4839-A671-2A3CCB77B223}"
EndProject
Project("{FAE04EC0-301F-11D3-BF4B-00C04F79EFBC}") = "Tyuiu.LomakinVI.Sprint4.Task0.V14", "Tyuiu.LomakinVI.Sprint4.Task0.V14\Tyuiu.LomakinVI.Sprint4.Task0.V14.csproj", "{A6989780-2BC6-4838-B79F-EAD2AFB5C79B}"
EndProject
Project("{FAE04EC0-301F-11D3-BF4B-00C04F79EFBC}") = "Tyuiu.LomakinVI.Sprint4.Task0.V14.Lib", "Tyuiu.LomakinVI.Sprint4.Task0.V14.Lib\Tyuiu.LomakinVI.Sprint4.Task0.V14.Lib.csproj", "{6FA7F230-83FC-439F-AA57-FE752B10A755}"
EndProject
Project("{FAE04EC0-301F-11D3-BF4B-00C04F79EFBC}") = "Tyuiu.LomakinVI.Sprint4.Task0.V14.Test", "Tyuiu.LomakinVI.Sprint4.Task0.V14.Test\Tyuiu.LomakinVI.Sprint4.Task0.V14.Test.csproj", "{0C0ABE61-E38A-48D1-B98C-0FD6C5CD7502}"
EndProject
Project("{2150E333-8FDC-42A3-9474-1A3956D46DE8}") = "Task1", "Task1", "{1F703264-9D8C-48D4-9E87-09F48DD84CD3}"
EndProject
Project("{FAE04EC0-301F-11D3-BF4B-00C04F79EFBC}") = "Tyuiu.LomakinVI.Sprint4.Task1.V19", "Tyuiu.LomakinVI.Sprint4.Task1.V19\Tyuiu.LomakinVI.Sprint4.Task1.V19.csproj", "{5CFC0B7E-B4F1-4F27-937F-72CA6A6488CE}"
EndProject
Project("{FAE04EC0-301F-11D3-BF4B-00C04F79EFBC}") = "Tyuiu.LomakinVI.Sprint4.Task1.V19.Lib", "Tyuiu.LomakinVI.Sprint4.Task1.V19.Lib\Tyuiu.LomakinVI.Sprint4.Task1.V19.Lib.csproj", "{EDF1CA59-AE94-454C-8FAB-2856ADED96D2}"
EndProject
Project("{FAE04EC0-301F-11D3-BF4B-00C04F79EFBC}") = "Tyuiu.LomakinVI.Sprint4.Task1.V19.Test", "Tyuiu.LomakinVI.Sprint4.Task1.V19.Test\Tyuiu.LomakinVI.Sprint4.Task1.V19.Test.csproj", "{8F58F6DB-70EF-41FB-981B-5B2396707F2F}"
EndProject
Global
	GlobalSection(SolutionConfigurationPlatforms) = preSolution
		Debug|Any CPU = Debug|Any CPU
		Release|Any CPU = Release|Any CPU
	EndGlobalSection
	GlobalSection(ProjectConfigurationPlatforms) = postSolution
		{A6989780-2BC6-4838-B79F-EAD2AFB5C79B}.Debug|Any CPU.ActiveCfg = Debug|Any CPU
		{A6989780-2BC6-4838-B79F-EAD2AFB5C79B}.Debug|Any CPU.Build.0 = Debug|Any CPU
		{A6989780-2BC6-4838-B79F-EAD2AFB5C79B}.Release|Any CPU.ActiveCfg = Release|Any CPU
		{A6989780-2BC6-4838-B79F-EAD2AFB5C79B}.Release|Any CPU.Build.0 = Release|Any CPU
		{6FA7F230-83FC-439F-AA57-FE752B10A755}.Debug|Any CPU.ActiveCfg = Debug|Any CPU
		{6FA7F230-83FC-439F-AA57-FE752B10A755}.Debug|Any CPU.Build.0 = Debug|Any CPU
		{6FA7F230-83FC-439F-AA57-FE752B10A755}.Release|Any CPU.ActiveCfg = Release|Any CPU
		{6FA7F230-83FC-439F-AA57-FE752B10A755}.Release|Any CPU.Build.0 = Release|Any CPU
		{0C0ABE61-E38A-48D1-B98C-0FD6C5CD7502}.Debug|Any CPU.ActiveCfg = Debug|Any CPU
		{0C0ABE61-E38A-48D1-B98C-0FD6C5CD7502}.Debug|Any CPU.Build.0 = Debug|Any CPU
		{0C0ABE61-E38A-48D1-B98C-0FD6C5CD7502}.Release|Any CPU.ActiveCfg = Release|Any CPU
		{0C0ABE61-E38A-48D1-B98C-0FD6C5CD7502}.Release|Any CPU.Build.0 = Release|Any CPU
		{5CFC0B7E-B4F1-4F27-937F-72CA6A6488CE}.Debug|Any CPU.ActiveCfg = Debug|Any CPU
		{5CFC0B7E-B4F1-4F27-937F-72CA6A6488CE}.Debug|Any CPU.Build.0 = Debug|Any CPU
		{5CFC0B7E-B4F1-4F27-937F-72CA6A6488CE}.Release|Any CPU.ActiveCfg = Release|Any CPU
		{5CFC0B7E-B4F1-4F27-937F-72CA6A6488CE}.Release|Any CPU.Build.0 = Release|Any CPU
		{EDF1CA59-AE94-454C-8FAB-2856ADED96D2}.Debug|Any CPU.ActiveCfg = Debug|Any CPU
		{EDF1CA59-AE94-454C-8FAB-2856ADED96D2}.Debug|Any CPU.Build.0 = Debug|Any CPU
		{EDF1CA59-AE94-454C-8FAB-2856ADED96D2}.Release|Any CPU.ActiveCfg = Release|Any CPU
		{EDF1CA59-AE94-454C-8FAB-2856ADED96D2}.Release|Any CPU.Build.0 = Release|Any CPU
		{8F58F6DB-70EF-41FB-981B-5B2396707F2F}.Debug|Any CPU.ActiveCfg = Debug|Any CPU
		{8F58F6DB-70EF-41FB-981B-5B2396707F2F}.Debug|Any CPU.Build.0 = Debug|Any CPU
		{8F58F6DB-70EF-41FB-981B-5B2396707F2F}.Release|Any CPU.ActiveCfg = Release|Any CPU
		{8F58F6DB-70EF-41FB-981B-5B2396707F2F}.Release|Any CPU.Build.0 = Release|Any CPU
	EndGlobalSection
	GlobalSection(SolutionProperties) = preSolution
		HideSolutionNode = FALSE
	EndGlobalSection
	GlobalSection(NestedProjects) = preSolution
		{A6989780-2BC6-4838-B79F-EAD2AFB5C79B} = {900F99F1-5921-4839-A671-2A3CCB77B223}
		{6FA7F230-83FC-439F-AA57-FE752B10A755} = {900F99F1-5921-4839-A671-2A3CCB77B223}
		{0C0ABE61-E38A-48D1-B98C-0FD6C5CD7502} = {900F99F1-5921-4839-A671-2A3CCB77B223}
		{5CFC0B7E-B4F1-4F27-937F-72CA6A6488CE} = {1F703264-9D8C-48D4-9E87-09F48DD84CD3}
		{EDF1CA59-AE94-454C-8FAB-2856ADED96D2} = {1F703264-9D8C-48D4-9E87-09F48DD84CD3}
		{8F58F6DB-70EF-41FB-981B-5B2396707F2F} = {1F703264-9D8C-48D4-9E87-09F48DD84CD3}
	EndGlobalSection
	GlobalSection(ExtensibilityGlobals) = postSolution
		SolutionGuid = {8EC8B357-45A7-402D-887B-6D258A5086E7}
	EndGlobalSection
EndGlobal
