
Microsoft Visual Studio Solution File, Format Version 12.00
# Visual Studio Version 16
VisualStudioVersion = 16.0.33927.289
MinimumVisualStudioVersion = 10.0.40219.1
Project("{2150E333-8FDC-42A3-9474-1A3956D46DE8}") = "Task0", "Task0", "{900F99F1-5921-4839-A671-2A3CCB77B223}"
EndProject
Project("{FAE04EC0-301F-11D3-BF4B-00C04F79EFBC}") = "Tyuiu.LomakinVI.Sprint4.Task0.V14", "Tyuiu.LomakinVI.Sprint4.Task0.V14\Tyuiu.LomakinVI.Sprint4.Task0.V14.csproj", "{A6989780-2BC6-4838-B79F-EAD2AFB5C79B}"
EndProject
Project("{FAE04EC0-301F-11D3-BF4B-00C04F79EFBC}") = "Tyuiu.LomakinVI.Sprint4.Task0.V14.Lib", "Tyuiu.LomakinVI.Sprint4.Task0.V14.Lib\Tyuiu.LomakinVI.Sprint4.Task0.V14.Lib.csproj", "{6FA7F230-83FC-439F-AA57-FE752B10A755}"
EndProject
Project("{FAE04EC0-301F-11D3-BF4B-00C04F79EFBC}") = "Tyuiu.LomakinVI.Sprint4.Task0.V14.Test", "Tyuiu.LomakinVI.Sprint4.Task0.V14.Test\Tyuiu.LomakinVI.Sprint4.Task0.V14.Test.csproj", "{0C0ABE61-E38A-48D1-B98C-0FD6C5CD7502}"
EndProject
Project("{2150E333-8FDC-42A3-9474-1A3956D46DE8}") = "Task1", "Task1", "{1F703264-9D8C-48D4-9E87-09F48DD84CD3}"
EndProject
Project("{FAE04EC0-301F-11D3-BF4B-00C04F79EFBC}") = "Tyuiu.LomakinVI.Sprint4.Task1.V19", "Tyuiu.LomakinVI.Sprint4.Task1.V19\Tyuiu.LomakinVI.Sprint4.Task1.V19.csproj", "{5CFC0B7E-B4F1-4F27-937F-72CA6A6488CE}"
EndProject
Project("{FAE04EC0-301F-11D3-BF4B-00C04F79EFBC}") = "Tyuiu.LomakinVI.Sprint4.Task1.V19.Lib", "Tyuiu.LomakinVI.Sprint4.Task1.V19.Lib\Tyuiu.LomakinVI.Sprint4.Task1.V19.Lib.csproj", "{EDF1CA59-AE94-454C-8FAB-2856ADED96D2}"
EndProject
Project("{FAE04EC0-301F-11D3-BF4B-00C04F79EFBC}") = "Tyuiu.LomakinVI.Sprint4.Task1.V19.Test", "Tyuiu.LomakinVI.Sprint4.Task1.V19.Test\Tyuiu.LomakinVI.Sprint4.Task1.V19.Test.csproj", "{8F58F6DB-70EF-41FB-981B-5B2396707F2F}"
EndProject
Project("{2150E333-8FDC-42A3-9474-1A3956D46DE8}") = "Task2", "Task2", "{EABB3E8C-1A96-45DD-A58D-755DC455C9A8}"
EndProject
Project("{FAE04EC0-301F-11D3-BF4B-00C04F79EFBC}") = "Tyuiu.LomakinVI.Sprint4.Task2.V1", "Tyuiu.LomakinVI.Sprint4.Task2.V1\Tyuiu.LomakinVI.Sprint4.Task2.V1.csproj", "{26334B94-745A-4C42-B2E1-053D9B97B595}"
EndProject
Project("{FAE04EC0-301F-11D3-BF4B-00C04F79EFBC}") = "Tyuiu.LomakinVI.Sprint4.Task2.V1.Lib", "Tyuiu.LomakinVI.Sprint4.Task2.V1.Lib\Tyuiu.LomakinVI.Sprint4.Task2.V1.Lib.csproj", "{07B1B0E4-A511-48FC-B952-0D74A240275A}"
EndProject
Project("{FAE04EC0-301F-11D3-BF4B-00C04F79EFBC}") = "Tyuiu.LomakinVI.Sprint4.Task2.V1.Test", "Tyuiu.LomakinVI.Sprint4.Task2.V1.Test\Tyuiu.LomakinVI.Sprint4.Task2.V1.Test.csproj", "{AD2A80D7-43FB-4610-B6E5-2337E15C810E}"
EndProject
Project("{2150E333-8FDC-42A3-9474-1A3956D46DE8}") = "Task3", "Task3", "{CE072CDC-0E2A-4065-996E-BEB544010B5C}"
EndProject
Project("{FAE04EC0-301F-11D3-BF4B-00C04F79EFBC}") = "Tyuiu.LomakinVI.Sprint4.Task3.V5", "Tyuiu.LomakinVI.Sprint4.Task3.V5\Tyuiu.LomakinVI.Sprint4.Task3.V5.csproj", "{D63D8D18-4AA3-44DD-9494-4D6E3DD643B0}"
EndProject
Project("{FAE04EC0-301F-11D3-BF4B-00C04F79EFBC}") = "Tyuiu.LomakinVI.Sprint4.Task3.V5.Lib", "Tyuiu.LomakinVI.Sprint4.Task3.V5.Lib\Tyuiu.LomakinVI.Sprint4.Task3.V5.Lib.csproj", "{9EF8F5A9-0B35-47FC-98C0-80897F29667A}"
EndProject
Project("{FAE04EC0-301F-11D3-BF4B-00C04F79EFBC}") = "Tyuiu.LomakinVI.Sprint4.Task3.V5.Test", "Tyuiu.LomakinVI.Sprint4.Task3.V5.Test\Tyuiu.LomakinVI.Sprint4.Task3.V5.Test.csproj", "{5CA6C6D7-B348-4D03-9E49-2C5BCAA9BEB4}"
EndProject
Project("{2150E333-8FDC-42A3-9474-1A3956D46DE8}") = "Task4", "Task4", "{71EE8229-91CD-410D-A8D4-FBAEF89C8FD8}"
EndProject
Project("{FAE04EC0-301F-11D3-BF4B-00C04F79EFBC}") = "Tyuiu.LomakinVI.Sprint4.Task4.V29", "Tyuiu.LomakinVI.Sprint4.Task4.V29\Tyuiu.LomakinVI.Sprint4.Task4.V29.csproj", "{E4263231-55DB-414C-B0B9-360A6883F12E}"
EndProject
Project("{FAE04EC0-301F-11D3-BF4B-00C04F79EFBC}") = "Tyuiu.LomakinVI.Sprint4.Task4.V29.Lib", "Tyuiu.LomakinVI.Sprint4.Task4.V29.Lib\Tyuiu.LomakinVI.Sprint4.Task4.V29.Lib.csproj", "{9939296C-69C8-42B4-AD82-1E40A0A55E16}"
EndProject
Project("{FAE04EC0-301F-11D3-BF4B-00C04F79EFBC}") = "Tyuiu.LomakinVI.Sprint4.Task4.V29.Test", "Tyuiu.LomakinVI.Sprint4.Task4.V29.Test\Tyuiu.LomakinVI.Sprint4.Task4.V29.Test.csproj", "{0D0123C5-9A05-439F-8435-4EA482C3C607}"
EndProject
Project("{2150E333-8FDC-42A3-9474-1A3956D46DE8}") = "Task5", "Task5", "{95A6EDF5-7502-42A2-AD04-6560D80A1A3B}"
EndProject
Project("{FAE04EC0-301F-11D3-BF4B-00C04F79EFBC}") = "Tyuiu.LomakinVI.Sprint4.Task5.V22", "Tyuiu.LomakinVI.Sprint4.Task5.V22\Tyuiu.LomakinVI.Sprint4.Task5.V22.csproj", "{7D9A9068-26FE-467F-BF66-CDBC3FB34D4C}"
EndProject
Project("{FAE04EC0-301F-11D3-BF4B-00C04F79EFBC}") = "Tyuiu.LomakinVI.Sprint4.Task5.V22.Lib", "Tyuiu.LomakinVI.Sprint4.Task5.V22.Lib\Tyuiu.LomakinVI.Sprint4.Task5.V22.Lib.csproj", "{E9A1F85D-6852-45C7-BC1E-16A3064CA728}"
EndProject
Project("{FAE04EC0-301F-11D3-BF4B-00C04F79EFBC}") = "Tyuiu.LomakinVI.Sprint4.Task5.V22.Test", "Tyuiu.LomakinVI.Sprint4.Task5.V22.Test\Tyuiu.LomakinVI.Sprint4.Task5.V22.Test.csproj", "{87FF2749-933B-41F1-B395-097EE230A60E}"
EndProject
Project("{2150E333-8FDC-42A3-9474-1A3956D46DE8}") = "Task6", "Task6", "{124718F2-4D98-4252-B5E4-2A85D4A64A56}"
EndProject
Project("{FAE04EC0-301F-11D3-BF4B-00C04F79EFBC}") = "Tyuiu.LomakinVI.Sprint4.Task6.V23", "Tyuiu.LomakinVI.Sprint4.Task6.V23\Tyuiu.LomakinVI.Sprint4.Task6.V23.csproj", "{5F56DF9C-4C98-4159-AE33-66D248655B54}"
EndProject
Project("{FAE04EC0-301F-11D3-BF4B-00C04F79EFBC}") = "Tyuiu.LomakinVI.Sprint4.Task6.V23.Lib", "Tyuiu.LomakinVI.Sprint4.Task6.V23.Lib\Tyuiu.LomakinVI.Sprint4.Task6.V23.Lib.csproj", "{EDEBD33C-2370-4D61-A70F-8FA17D1B248D}"
EndProject
Project("{FAE04EC0-301F-11D3-BF4B-00C04F79EFBC}") = "Tyuiu.LomakinVI.Sprint4.Task6.V23.Test", "Tyuiu.LomakinVI.Sprint4.Task6.V23.Test\Tyuiu.LomakinVI.Sprint4.Task6.V23.Test.csproj", "{C646B778-D780-4B6D-8C9F-449B8AE4F3CF}"
EndProject
Global
	GlobalSection(SolutionConfigurationPlatforms) = preSolution
		Debug|Any CPU = Debug|Any CPU
		Release|Any CPU = Release|Any CPU
	EndGlobalSection
	GlobalSection(ProjectConfigurationPlatforms) = postSolution
		{A6989780-2BC6-4838-B79F-EAD2AFB5C79B}.Debug|Any CPU.ActiveCfg = Debug|Any CPU
		{A6989780-2BC6-4838-B79F-EAD2AFB5C79B}.Debug|Any CPU.Build.0 = Debug|Any CPU
		{A6989780-2BC6-4838-B79F-EAD2AFB5C79B}.Release|Any CPU.ActiveCfg = Release|Any CPU
		{A6989780-2BC6-4838-B79F-EAD2AFB5C79B}.Release|Any CPU.Build.0 = Release|Any CPU
		{6FA7F230-83FC-439F-AA57-FE752B10A755}.Debug|Any CPU.ActiveCfg = Debug|Any CPU
		{6FA7F230-83FC-439F-AA57-FE752B10A755}.Debug|Any CPU.Build.0 = Debug|Any CPU
		{6FA7F230-83FC-439F-AA57-FE752B10A755}.Release|Any CPU.ActiveCfg = Release|Any CPU
		{6FA7F230-83FC-439F-AA57-FE752B10A755}.Release|Any CPU.Build.0 = Release|Any CPU
		{0C0ABE61-E38A-48D1-B98C-0FD6C5CD7502}.Debug|Any CPU.ActiveCfg = Debug|Any CPU
		{0C0ABE61-E38A-48D1-B98C-0FD6C5CD7502}.Debug|Any CPU.Build.0 = Debug|Any CPU
		{0C0ABE61-E38A-48D1-B98C-0FD6C5CD7502}.Release|Any CPU.ActiveCfg = Release|Any CPU
		{0C0ABE61-E38A-48D1-B98C-0FD6C5CD7502}.Release|Any CPU.Build.0 = Release|Any CPU
		{5CFC0B7E-B4F1-4F27-937F-72CA6A6488CE}.Debug|Any CPU.ActiveCfg = Debug|Any CPU
		{5CFC0B7E-B4F1-4F27-937F-72CA6A6488CE}.Debug|Any CPU.Build.0 = Debug|Any CPU
		{5CFC0B7E-B4F1-4F27-937F-72CA6A6488CE}.Release|Any CPU.ActiveCfg = Release|Any CPU
		{5CFC0B7E-B4F1-4F27-937F-72CA6A6488CE}.Release|Any CPU.Build.0 = Release|Any CPU
		{EDF1CA59-AE94-454C-8FAB-2856ADED96D2}.Debug|Any CPU.ActiveCfg = Debug|Any CPU
		{EDF1CA59-AE94-454C-8FAB-2856ADED96D2}.Debug|Any CPU.Build.0 = Debug|Any CPU
		{EDF1CA59-AE94-454C-8FAB-2856ADED96D2}.Release|Any CPU.ActiveCfg = Release|Any CPU
		{EDF1CA59-AE94-454C-8FAB-2856ADED96D2}.Release|Any CPU.Build.0 = Release|Any CPU
		{8F58F6DB-70EF-41FB-981B-5B2396707F2F}.Debug|Any CPU.ActiveCfg = Debug|Any CPU
		{8F58F6DB-70EF-41FB-981B-5B2396707F2F}.Debug|Any CPU.Build.0 = Debug|Any CPU
		{8F58F6DB-70EF-41FB-981B-5B2396707F2F}.Release|Any CPU.ActiveCfg = Release|Any CPU
		{8F58F6DB-70EF-41FB-981B-5B2396707F2F}.Release|Any CPU.Build.0 = Release|Any CPU
		{26334B94-745A-4C42-B2E1-053D9B97B595}.Debug|Any CPU.ActiveCfg = Debug|Any CPU
		{26334B94-745A-4C42-B2E1-053D9B97B595}.Debug|Any CPU.Build.0 = Debug|Any CPU
		{26334B94-745A-4C42-B2E1-053D9B97B595}.Release|Any CPU.ActiveCfg = Release|Any CPU
		{26334B94-745A-4C42-B2E1-053D9B97B595}.Release|Any CPU.Build.0 = Release|Any CPU
		{07B1B0E4-A511-48FC-B952-0D74A240275A}.Debug|Any CPU.ActiveCfg = Debug|Any CPU
		{07B1B0E4-A511-48FC-B952-0D74A240275A}.Debug|Any CPU.Build.0 = Debug|Any CPU
		{07B1B0E4-A511-48FC-B952-0D74A240275A}.Release|Any CPU.ActiveCfg = Release|Any CPU
		{07B1B0E4-A511-48FC-B952-0D74A240275A}.Release|Any CPU.Build.0 = Release|Any CPU
		{AD2A80D7-43FB-4610-B6E5-2337E15C810E}.Debug|Any CPU.ActiveCfg = Debug|Any CPU
		{AD2A80D7-43FB-4610-B6E5-2337E15C810E}.Debug|Any CPU.Build.0 = Debug|Any CPU
		{AD2A80D7-43FB-4610-B6E5-2337E15C810E}.Release|Any CPU.ActiveCfg = Release|Any CPU
		{AD2A80D7-43FB-4610-B6E5-2337E15C810E}.Release|Any CPU.Build.0 = Release|Any CPU
		{D63D8D18-4AA3-44DD-9494-4D6E3DD643B0}.Debug|Any CPU.ActiveCfg = Debug|Any CPU
		{D63D8D18-4AA3-44DD-9494-4D6E3DD643B0}.Debug|Any CPU.Build.0 = Debug|Any CPU
		{D63D8D18-4AA3-44DD-9494-4D6E3DD643B0}.Release|Any CPU.ActiveCfg = Release|Any CPU
		{D63D8D18-4AA3-44DD-9494-4D6E3DD643B0}.Release|Any CPU.Build.0 = Release|Any CPU
		{9EF8F5A9-0B35-47FC-98C0-80897F29667A}.Debug|Any CPU.ActiveCfg = Debug|Any CPU
		{9EF8F5A9-0B35-47FC-98C0-80897F29667A}.Debug|Any CPU.Build.0 = Debug|Any CPU
		{9EF8F5A9-0B35-47FC-98C0-80897F29667A}.Release|Any CPU.ActiveCfg = Release|Any CPU
		{9EF8F5A9-0B35-47FC-98C0-80897F29667A}.Release|Any CPU.Build.0 = Release|Any CPU
		{5CA6C6D7-B348-4D03-9E49-2C5BCAA9BEB4}.Debug|Any CPU.ActiveCfg = Debug|Any CPU
		{5CA6C6D7-B348-4D03-9E49-2C5BCAA9BEB4}.Debug|Any CPU.Build.0 = Debug|Any CPU
		{5CA6C6D7-B348-4D03-9E49-2C5BCAA9BEB4}.Release|Any CPU.ActiveCfg = Release|Any CPU
		{5CA6C6D7-B348-4D03-9E49-2C5BCAA9BEB4}.Release|Any CPU.Build.0 = Release|Any CPU
		{E4263231-55DB-414C-B0B9-360A6883F12E}.Debug|Any CPU.ActiveCfg = Debug|Any CPU
		{E4263231-55DB-414C-B0B9-360A6883F12E}.Debug|Any CPU.Build.0 = Debug|Any CPU
		{E4263231-55DB-414C-B0B9-360A6883F12E}.Release|Any CPU.ActiveCfg = Release|Any CPU
		{E4263231-55DB-414C-B0B9-360A6883F12E}.Release|Any CPU.Build.0 = Release|Any CPU
		{9939296C-69C8-42B4-AD82-1E40A0A55E16}.Debug|Any CPU.ActiveCfg = Debug|Any CPU
		{9939296C-69C8-42B4-AD82-1E40A0A55E16}.Debug|Any CPU.Build.0 = Debug|Any CPU
		{9939296C-69C8-42B4-AD82-1E40A0A55E16}.Release|Any CPU.ActiveCfg = Release|Any CPU
		{9939296C-69C8-42B4-AD82-1E40A0A55E16}.Release|Any CPU.Build.0 = Release|Any CPU
		{0D0123C5-9A05-439F-8435-4EA482C3C607}.Debug|Any CPU.ActiveCfg = Debug|Any CPU
		{0D0123C5-9A05-439F-8435-4EA482C3C607}.Debug|Any CPU.Build.0 = Debug|Any CPU
		{0D0123C5-9A05-439F-8435-4EA482C3C607}.Release|Any CPU.ActiveCfg = Release|Any CPU
		{0D0123C5-9A05-439F-8435-4EA482C3C607}.Release|Any CPU.Build.0 = Release|Any CPU
		{7D9A9068-26FE-467F-BF66-CDBC3FB34D4C}.Debug|Any CPU.ActiveCfg = Debug|Any CPU
		{7D9A9068-26FE-467F-BF66-CDBC3FB34D4C}.Debug|Any CPU.Build.0 = Debug|Any CPU
		{7D9A9068-26FE-467F-BF66-CDBC3FB34D4C}.Release|Any CPU.ActiveCfg = Release|Any CPU
		{7D9A9068-26FE-467F-BF66-CDBC3FB34D4C}.Release|Any CPU.Build.0 = Release|Any CPU
		{E9A1F85D-6852-45C7-BC1E-16A3064CA728}.Debug|Any CPU.ActiveCfg = Debug|Any CPU
		{E9A1F85D-6852-45C7-BC1E-16A3064CA728}.Debug|Any CPU.Build.0 = Debug|Any CPU
		{E9A1F85D-6852-45C7-BC1E-16A3064CA728}.Release|Any CPU.ActiveCfg = Release|Any CPU
		{E9A1F85D-6852-45C7-BC1E-16A3064CA728}.Release|Any CPU.Build.0 = Release|Any CPU
		{87FF2749-933B-41F1-B395-097EE230A60E}.Debug|Any CPU.ActiveCfg = Debug|Any CPU
		{87FF2749-933B-41F1-B395-097EE230A60E}.Debug|Any CPU.Build.0 = Debug|Any CPU
		{87FF2749-933B-41F1-B395-097EE230A60E}.Release|Any CPU.ActiveCfg = Release|Any CPU
		{87FF2749-933B-41F1-B395-097EE230A60E}.Release|Any CPU.Build.0 = Release|Any CPU
		{5F56DF9C-4C98-4159-AE33-66D248655B54}.Debug|Any CPU.ActiveCfg = Debug|Any CPU
		{5F56DF9C-4C98-4159-AE33-66D248655B54}.Debug|Any CPU.Build.0 = Debug|Any CPU
		{5F56DF9C-4C98-4159-AE33-66D248655B54}.Release|Any CPU.ActiveCfg = Release|Any CPU
		{5F56DF9C-4C98-4159-AE33-66D248655B54}.Release|Any CPU.Build.0 = Release|Any CPU
		{EDEBD33C-2370-4D61-A70F-8FA17D1B248D}.Debug|Any CPU.ActiveCfg = Debug|Any CPU
		{EDEBD33C-2370-4D61-A70F-8FA17D1B248D}.Debug|Any CPU.Build.0 = Debug|Any CPU
		{EDEBD33C-2370-4D61-A70F-8FA17D1B248D}.Release|Any CPU.ActiveCfg = Release|Any CPU
		{EDEBD33C-2370-4D61-A70F-8FA17D1B248D}.Release|Any CPU.Build.0 = Release|Any CPU
		{C646B778-D780-4B6D-8C9F-449B8AE4F3CF}.Debug|Any CPU.ActiveCfg = Debug|Any CPU
		{C646B778-D780-4B6D-8C9F-449B8AE4F3CF}.Debug|Any CPU.Build.0 = Debug|Any CPU
		{C646B778-D780-4B6D-8C9F-449B8AE4F3CF}.Release|Any CPU.ActiveCfg = Release|Any CPU
		{C646B778-D780-4B6D-8C9F-449B8AE4F3CF}.Release|Any CPU.Build.0 = Release|Any CPU
	EndGlobalSection
	GlobalSection(SolutionProperties) = preSolution
		HideSolutionNode = FALSE
	EndGlobalSection
	GlobalSection(NestedProjects) = preSolution
		{A6989780-2BC6-4838-B79F-EAD2AFB5C79B} = {900F99F1-5921-4839-A671-2A3CCB77B223}
		{6FA7F230-83FC-439F-AA57-FE752B10A755} = {900F99F1-5921-4839-A671-2A3CCB77B223}
		{0C0ABE61-E38A-48D1-B98C-0FD6C5CD7502} = {900F99F1-5921-4839-A671-2A3CCB77B223}
		{5CFC0B7E-B4F1-4F27-937F-72CA6A6488CE} = {1F703264-9D8C-48D4-9E87-09F48DD84CD3}
		{EDF1CA59-AE94-454C-8FAB-2856ADED96D2} = {1F703264-9D8C-48D4-9E87-09F48DD84CD3}
		{8F58F6DB-70EF-41FB-981B-5B2396707F2F} = {1F703264-9D8C-48D4-9E87-09F48DD84CD3}
		{26334B94-745A-4C42-B2E1-053D9B97B595} = {EABB3E8C-1A96-45DD-A58D-755DC455C9A8}
		{07B1B0E4-A511-48FC-B952-0D74A240275A} = {EABB3E8C-1A96-45DD-A58D-755DC455C9A8}
		{AD2A80D7-43FB-4610-B6E5-2337E15C810E} = {EABB3E8C-1A96-45DD-A58D-755DC455C9A8}
		{D63D8D18-4AA3-44DD-9494-4D6E3DD643B0} = {CE072CDC-0E2A-4065-996E-BEB544010B5C}
		{9EF8F5A9-0B35-47FC-98C0-80897F29667A} = {CE072CDC-0E2A-4065-996E-BEB544010B5C}
		{5CA6C6D7-B348-4D03-9E49-2C5BCAA9BEB4} = {CE072CDC-0E2A-4065-996E-BEB544010B5C}
		{E4263231-55DB-414C-B0B9-360A6883F12E} = {71EE8229-91CD-410D-A8D4-FBAEF89C8FD8}
		{9939296C-69C8-42B4-AD82-1E40A0A55E16} = {71EE8229-91CD-410D-A8D4-FBAEF89C8FD8}
		{0D0123C5-9A05-439F-8435-4EA482C3C607} = {71EE8229-91CD-410D-A8D4-FBAEF89C8FD8}
		{7D9A9068-26FE-467F-BF66-CDBC3FB34D4C} = {95A6EDF5-7502-42A2-AD04-6560D80A1A3B}
		{E9A1F85D-6852-45C7-BC1E-16A3064CA728} = {95A6EDF5-7502-42A2-AD04-6560D80A1A3B}
		{87FF2749-933B-41F1-B395-097EE230A60E} = {95A6EDF5-7502-42A2-AD04-6560D80A1A3B}
		{5F56DF9C-4C98-4159-AE33-66D248655B54} = {124718F2-4D98-4252-B5E4-2A85D4A64A56}
		{EDEBD33C-2370-4D61-A70F-8FA17D1B248D} = {124718F2-4D98-4252-B5E4-2A85D4A64A56}
		{C646B778-D780-4B6D-8C9F-449B8AE4F3CF} = {124718F2-4D98-4252-B5E4-2A85D4A64A56}
	EndGlobalSection
	GlobalSection(ExtensibilityGlobals) = postSolution
		SolutionGuid = {8EC8B357-45A7-402D-887B-6D258A5086E7}
	EndGlobalSection
EndGlobal
